
Microsoft Visual Studio Solution File, Format Version 12.00
# Visual Studio Version 17
VisualStudioVersion = 17.1.32210.238
MinimumVisualStudioVersion = 10.0.40219.1
Project("{FAE04EC0-301F-11D3-BF4B-00C04F79EFBC}") = "TaskManage", "TaskManage.csproj", "{3361492D-FE82-407D-AD46-9DA2C58AD781}"
EndProject
Global
	GlobalSection(SolutionConfigurationPlatforms) = preSolution
		Debug|Any CPU = Debug|Any CPU
		Release|Any CPU = Release|Any CPU
	EndGlobalSection
	GlobalSection(ProjectConfigurationPlatforms) = postSolution
		{3361492D-FE82-407D-AD46-9DA2C58AD781}.Debug|Any CPU.ActiveCfg = Debug|Any CPU
		{3361492D-FE82-407D-AD46-9DA2C58AD781}.Debug|Any CPU.Build.0 = Debug|Any CPU
		{3361492D-FE82-407D-AD46-9DA2C58AD781}.Release|Any CPU.ActiveCfg = Release|Any CPU
		{3361492D-FE82-407D-AD46-9DA2C58AD781}.Release|Any CPU.Build.0 = Release|Any CPU
	EndGlobalSection
	GlobalSection(SolutionProperties) = preSolution
		HideSolutionNode = FALSE
	EndGlobalSection
	GlobalSection(ExtensibilityGlobals) = postSolution
		SolutionGuid = {867A1F89-4697-4AED-8317-09E6DEDAC655}
	EndGlobalSection
EndGlobal
